
Microsoft Visual Studio Solution File, Format Version 12.00
# Visual Studio 15
VisualStudioVersion = 15.0.27428.2037
MinimumVisualStudioVersion = 10.0.40219.1
Project("{FAE04EC0-301F-11D3-BF4B-00C04F79EFBC}") = "CrudWithDapper", "CrudWithDapper\CrudWithDapper.csproj", "{2DCF0709-619D-4AE5-8B5E-E89BFEA2C7DF}"
EndProject
Global
	GlobalSection(SolutionConfigurationPlatforms) = preSolution
		Debug|Any CPU = Debug|Any CPU
		Release|Any CPU = Release|Any CPU
	EndGlobalSection
	GlobalSection(ProjectConfigurationPlatforms) = postSolution
		{2DCF0709-619D-4AE5-8B5E-E89BFEA2C7DF}.Debug|Any CPU.ActiveCfg = Debug|Any CPU
		{2DCF0709-619D-4AE5-8B5E-E89BFEA2C7DF}.Debug|Any CPU.Build.0 = Debug|Any CPU
		{2DCF0709-619D-4AE5-8B5E-E89BFEA2C7DF}.Release|Any CPU.ActiveCfg = Release|Any CPU
		{2DCF0709-619D-4AE5-8B5E-E89BFEA2C7DF}.Release|Any CPU.Build.0 = Release|Any CPU
	EndGlobalSection
	GlobalSection(SolutionProperties) = preSolution
		HideSolutionNode = FALSE
	EndGlobalSection
	GlobalSection(ExtensibilityGlobals) = postSolution
		SolutionGuid = {F4B0B5DB-DCDF-46B8-AD61-CAE1B8318A2A}
	EndGlobalSection
EndGlobal
